
Microsoft Visual Studio Solution File, Format Version 12.00
# Visual Studio 15
VisualStudioVersion = 15.0.26228.4
MinimumVisualStudioVersion = 10.0.40219.1
Project("{FAE04EC0-301F-11D3-BF4B-00C04F79EFBC}") = "DefyClinicCore.App", "DefyClinicCore.App\DefyClinicCore.App.csproj", "{59C52F69-D200-48BE-B1BF-B26464B078F0}"
EndProject
Project("{FAE04EC0-301F-11D3-BF4B-00C04F79EFBC}") = "DefyClinicInfastructure", "DefyClinicInfastructure\DefyClinicInfastructure.csproj", "{7897D06F-6BE9-45A5-9DA2-17FDAB2294BA}"
EndProject
Project("{FAE04EC0-301F-11D3-BF4B-00C04F79EFBC}") = "DefyClinicTest", "DefyClinicTest\DefyClinicTest.csproj", "{EE8B6C13-C24A-464B-8B6E-FAE20AD70431}"
EndProject
Project("{FAE04EC0-301F-11D3-BF4B-00C04F79EFBC}") = "DefyClinicMVC", "DefyClinicMVC\DefyClinicMVC.csproj", "{E8D50E91-676F-4D21-9BF0-7C5EFA1F1B33}"
EndProject
Project("{FAE04EC0-301F-11D3-BF4B-00C04F79EFBC}") = "DefyClinicModels", "DefyClinicModels\DefyClinicModels.csproj", "{FFB6C1AB-A5B8-4BCC-AF07-34101E3A9E15}"
EndProject
Global
	GlobalSection(SolutionConfigurationPlatforms) = preSolution
		Debug|Any CPU = Debug|Any CPU
		Release|Any CPU = Release|Any CPU
	EndGlobalSection
	GlobalSection(ProjectConfigurationPlatforms) = postSolution
		{59C52F69-D200-48BE-B1BF-B26464B078F0}.Debug|Any CPU.ActiveCfg = Debug|Any CPU
		{59C52F69-D200-48BE-B1BF-B26464B078F0}.Debug|Any CPU.Build.0 = Debug|Any CPU
		{59C52F69-D200-48BE-B1BF-B26464B078F0}.Release|Any CPU.ActiveCfg = Release|Any CPU
		{59C52F69-D200-48BE-B1BF-B26464B078F0}.Release|Any CPU.Build.0 = Release|Any CPU
		{7897D06F-6BE9-45A5-9DA2-17FDAB2294BA}.Debug|Any CPU.ActiveCfg = Debug|Any CPU
		{7897D06F-6BE9-45A5-9DA2-17FDAB2294BA}.Debug|Any CPU.Build.0 = Debug|Any CPU
		{7897D06F-6BE9-45A5-9DA2-17FDAB2294BA}.Release|Any CPU.ActiveCfg = Release|Any CPU
		{7897D06F-6BE9-45A5-9DA2-17FDAB2294BA}.Release|Any CPU.Build.0 = Release|Any CPU
		{EE8B6C13-C24A-464B-8B6E-FAE20AD70431}.Debug|Any CPU.ActiveCfg = Debug|Any CPU
		{EE8B6C13-C24A-464B-8B6E-FAE20AD70431}.Debug|Any CPU.Build.0 = Debug|Any CPU
		{EE8B6C13-C24A-464B-8B6E-FAE20AD70431}.Release|Any CPU.ActiveCfg = Release|Any CPU
		{EE8B6C13-C24A-464B-8B6E-FAE20AD70431}.Release|Any CPU.Build.0 = Release|Any CPU
		{E8D50E91-676F-4D21-9BF0-7C5EFA1F1B33}.Debug|Any CPU.ActiveCfg = Debug|Any CPU
		{E8D50E91-676F-4D21-9BF0-7C5EFA1F1B33}.Debug|Any CPU.Build.0 = Debug|Any CPU
		{E8D50E91-676F-4D21-9BF0-7C5EFA1F1B33}.Release|Any CPU.ActiveCfg = Release|Any CPU
		{E8D50E91-676F-4D21-9BF0-7C5EFA1F1B33}.Release|Any CPU.Build.0 = Release|Any CPU
		{FFB6C1AB-A5B8-4BCC-AF07-34101E3A9E15}.Debug|Any CPU.ActiveCfg = Debug|Any CPU
		{FFB6C1AB-A5B8-4BCC-AF07-34101E3A9E15}.Debug|Any CPU.Build.0 = Debug|Any CPU
		{FFB6C1AB-A5B8-4BCC-AF07-34101E3A9E15}.Release|Any CPU.ActiveCfg = Release|Any CPU
		{FFB6C1AB-A5B8-4BCC-AF07-34101E3A9E15}.Release|Any CPU.Build.0 = Release|Any CPU
	EndGlobalSection
	GlobalSection(SolutionProperties) = preSolution
		HideSolutionNode = FALSE
	EndGlobalSection
EndGlobal
